
Microsoft Visual Studio Solution File, Format Version 12.00
# Visual Studio Version 16
VisualStudioVersion = 16.0.29209.62
MinimumVisualStudioVersion = 10.0.40219.1
Project("{F184B08F-C81C-45F6-A57F-5ABD9991F28F}") = "Base de datos", "Base de datos\Base de datos.vbproj", "{17BA4586-30B3-4884-9BD8-179B930EC1AB}"
EndProject
Global
	GlobalSection(SolutionConfigurationPlatforms) = preSolution
		Debug|Any CPU = Debug|Any CPU
		Release|Any CPU = Release|Any CPU
	EndGlobalSection
	GlobalSection(ProjectConfigurationPlatforms) = postSolution
		{17BA4586-30B3-4884-9BD8-179B930EC1AB}.Debug|Any CPU.ActiveCfg = Debug|Any CPU
		{17BA4586-30B3-4884-9BD8-179B930EC1AB}.Debug|Any CPU.Build.0 = Debug|Any CPU
		{17BA4586-30B3-4884-9BD8-179B930EC1AB}.Release|Any CPU.ActiveCfg = Release|Any CPU
		{17BA4586-30B3-4884-9BD8-179B930EC1AB}.Release|Any CPU.Build.0 = Release|Any CPU
	EndGlobalSection
	GlobalSection(SolutionProperties) = preSolution
		HideSolutionNode = FALSE
	EndGlobalSection
	GlobalSection(ExtensibilityGlobals) = postSolution
		SolutionGuid = {7D6CC20C-7AE6-417D-B04A-9CA13906D040}
	EndGlobalSection
EndGlobal
